{
  "nodes": {
    "flake-utils": {
      "locked": {
        "lastModified": 1659877975,
        "narHash": "sha256-zllb8aq3YO3h8B/U0/J1WBgAL8EX5yWf5pMj3G0NAmc=",
        "owner": "numtide",
        "repo": "flake-utils",
        "rev": "c0e246b9b83f637f4681389ecabcb2681b4f3af0",
        "type": "github"
      },
      "original": {
        "owner": "numtide",
        "repo": "flake-utils",
        "type": "github"
      }
    },
    "flake-utils_2": {
      "locked": {
        "lastModified": 1659877975,
        "narHash": "sha256-zllb8aq3YO3h8B/U0/J1WBgAL8EX5yWf5pMj3G0NAmc=",
        "owner": "numtide",
        "repo": "flake-utils",
        "rev": "c0e246b9b83f637f4681389ecabcb2681b4f3af0",
        "type": "github"
      },
      "original": {
        "owner": "numtide",
        "repo": "flake-utils",
        "type": "github"
      }
    },
    "nixpkgs": {
      "locked": {
        "lastModified": 1663491030,
        "narHash": "sha256-MVsfBhE9US5DvLtBAaTRjwYdv1tLO8xjahM8qLXTgTo=",
        "owner": "NixOS",
        "repo": "nixpkgs",
        "rev": "767542707d394ff15ac1981e903e005ba69528b5",
        "type": "github"
      },
      "original": {
        "id": "nixpkgs",
        "type": "indirect"
      }
    },
    "nixpkgs-stable": {
      "locked": {
        "lastModified": 1665066044,
        "narHash": "sha256-mkO0LMHVunMFRWLcJhHT0fBf2v6RlH3vg7EVpfSIAFc=",
        "owner": "NixOS",
        "repo": "nixpkgs",
        "rev": "ed9b904c5eba055a6d6f5c1ccb89ba8f0a056dc6",
        "type": "github"
      },
      "original": {
        "owner": "NixOS",
        "ref": "nixos-22.05",
        "repo": "nixpkgs",
        "type": "github"
      }
    },
    "nixpkgs_2": {
      "locked": {
        "lastModified": 1663491030,
        "narHash": "sha256-MVsfBhE9US5DvLtBAaTRjwYdv1tLO8xjahM8qLXTgTo=",
        "owner": "NixOS",
        "repo": "nixpkgs",
        "rev": "767542707d394ff15ac1981e903e005ba69528b5",
        "type": "github"
      },
      "original": {
        "id": "nixpkgs",
        "type": "indirect"
      }
    },
    "nixvim": {
      "inputs": {
        "flake-utils": "flake-utils_2",
        "nixpkgs": "nixpkgs_2",
        "nmdSrc": "nmdSrc"
      },
      "locked": {
        "lastModified": 0,
        "narHash": "sha256-NTQaGxll4rko4eOOxtCODb2mnkwVMNyJNqwsRCc89h4=",
        "path": "/nix/store/a1ngrmrp1wbv12682s0c2dp60b7gljm8-source",
        "type": "path"
      },
      "original": {
        "path": "/nix/store/a1ngrmrp1wbv12682s0c2dp60b7gljm8-source",
        "type": "path"
      }
    },
    "nmdSrc": {
      "flake": false,
      "locked": {
        "lastModified": 1654807200,
        "narHash": "sha256-RNLq09vfj21TyYuUCeD6BNTNC6Ew8bLhQULZytN4Xx8=",
        "owner": "rycee",
        "repo": "nmd",
        "rev": "91dee681dd1c478d6040a00835d73c0f4a4c5c29",
        "type": "gitlab"
      },
      "original": {
        "owner": "rycee",
        "repo": "nmd",
        "type": "gitlab"
      }
    },
    "root": {
      "inputs": {
        "flake-utils": "flake-utils",
        "nixpkgs": "nixpkgs",
        "nixpkgs-stable": "nixpkgs-stable",
        "nixvim": "nixvim"
      }
    }
  },
  "root": "root",
  "version": 7
}
